#MicroXplorer Configuration settings - do not modify
Mcu.Family=STM32F4
RCC.PLLSourceVirtual=RCC_PLLSOURCE_HSE
ProjectManager.MainLocation=Core/Src
ProjectManager.ProjectFileName=TUT_STEPPER_RAS.ioc
PH0-OSC_IN.Signal=RCC_OSC_IN
Dma.ADC1.0.Instance=DMA2_Stream0
RCC.CortexFreq_Value=90000000
ADC1.Rank-0\#ChannelRegularConversion=1
ProjectManager.KeepUserCode=true
Mcu.UserName=STM32F446RETx
Mcu.PinsNb=9
ADC1.ContinuousConvMode=ENABLE
ProjectManager.NoMain=false
ADC1.IPParameters=Rank-0\#ChannelRegularConversion,master,Channel-0\#ChannelRegularConversion,SamplingTime-0\#ChannelRegularConversion,NbrOfConversionFlag,ContinuousConvMode,DMAContinuousRequests
RCC.PLLCLKFreq_Value=90000000
RCC.FMPI2C1Freq_Value=45000000
RCC.PLLQCLKFreq_Value=90000000
RCC.VCOI2SInputFreq_Value=500000
ProjectManager.functionlistsort=1-MX_GPIO_Init-GPIO-false-HAL-true,2-MX_DMA_Init-DMA-false-HAL-true,3-SystemClock_Config-RCC-false-HAL-false,4-MX_ADC1_Init-ADC1-false-HAL-true
TIM6.Prescaler=90-1
VP_TIM6_VS_ClockSourceINT.Mode=Enable_Timer
ProjectManager.DefaultFWLocation=true
RCC.PLLI2SRCLKFreq_Value=48000000
ProjectManager.DeletePrevious=true
PC0.Signal=GPIO_Output
RCC.APB1CLKDivider=RCC_HCLK_DIV2
PC1.Locked=true
RCC.SAIAFreq_Value=48000000
PinOutPanel.RotationAngle=0
RCC.FamilyName=M
RCC.SYSCLKSource=RCC_SYSCLKSOURCE_PLLCLK
ProjectManager.StackSize=0x400
VP_TIM6_VS_ClockSourceINT.Signal=TIM6_VS_ClockSourceINT
Mcu.IP4=SYS
RCC.FCLKCortexFreq_Value=90000000
Mcu.IP5=TIM6
Mcu.IP2=NVIC
NVIC.SVCall_IRQn=true\:0\:0\:false\:false\:true\:false\:false
Mcu.IP3=RCC
Mcu.IP0=ADC1
Dma.ADC1.0.PeriphDataAlignment=DMA_PDATAALIGN_HALFWORD
Mcu.IP1=DMA
TIM6.IPParameters=Prescaler
Mcu.UserConstants=
ProjectManager.TargetToolchain=STM32CubeIDE
Dma.ADC1.0.Mode=DMA_CIRCULAR
Mcu.ThirdPartyNb=0
RCC.SDIOFreq_Value=90000000
RCC.HCLKFreq_Value=90000000
Mcu.IPNb=6
ProjectManager.PreviousToolchain=
Dma.ADC1.0.Priority=DMA_PRIORITY_LOW
RCC.APB2TimFreq_Value=90000000
Dma.ADC1.0.Direction=DMA_PERIPH_TO_MEMORY
RCC.SPDIFRXFreq_Value=90000000
RCC.I2S1Freq_Value=48000000
Mcu.Pin6=PB0
Mcu.Pin7=VP_SYS_VS_Systick
NVIC.DMA2_Stream0_IRQn=true\:0\:0\:false\:false\:true\:false\:true
ProjectManager.RegisterCallBack=
Mcu.Pin8=VP_TIM6_VS_ClockSourceINT
RCC.USBFreq_Value=90000000
RCC.VCOSAIOutputFreq_Value=96000000
RCC.PLLSAIoutputFreq_Value=48000000
Dma.ADC1.0.MemDataAlignment=DMA_MDATAALIGN_HALFWORD
PA1.Signal=ADCx_IN1
RCC.AHBFreq_Value=90000000
PH0-OSC_IN.Mode=HSE-External-Clock-Source
Mcu.Pin0=PH0-OSC_IN
Mcu.Pin1=PH1-OSC_OUT
Mcu.Pin2=PC0
Mcu.Pin3=PC1
Mcu.Pin4=PA1
RCC.VCOI2SOutputFreq_Value=96000000
Mcu.Pin5=PA4
ADC1.Channel-0\#ChannelRegularConversion=ADC_CHANNEL_1
ProjectManager.ProjectBuild=false
RCC.HSE_VALUE=8000000
NVIC.UsageFault_IRQn=true\:0\:0\:false\:false\:true\:false\:false
NVIC.DebugMonitor_IRQn=true\:0\:0\:false\:false\:true\:false\:false
RCC.PLLSAIPCLKFreq_Value=48000000
board=custom
PA4.Locked=true
RCC.VCOOutputFreq_Value=180000000
NVIC.SysTick_IRQn=true\:0\:0\:false\:false\:true\:false\:true
ProjectManager.LastFirmware=true
Dma.ADC1.0.RequestParameters=Instance,Direction,PeriphInc,MemInc,PeriphDataAlignment,MemDataAlignment,Mode,Priority,FIFOMode
ProjectManager.FirmwarePackage=STM32Cube FW_F4 V1.26.0
MxDb.Version=DB.6.0.20
RCC.APB2Freq_Value=90000000
ProjectManager.BackupPrevious=false
MxCube.Version=6.2.0
RCC.VCOInputFreq_Value=2000000
RCC.PLLI2SPCLKFreq_Value=48000000
SH.ADCx_IN1.ConfNb=1
Dma.ADC1.0.PeriphInc=DMA_PINC_DISABLE
File.Version=6
VP_SYS_VS_Systick.Mode=SysTick
PH1-OSC_OUT.Signal=RCC_OSC_OUT
NVIC.NonMaskableInt_IRQn=true\:0\:0\:false\:false\:true\:false\:false
RCC.PLLRCLKFreq_Value=90000000
NVIC.PendSV_IRQn=true\:0\:0\:false\:false\:true\:false\:false
ADC1.DMAContinuousRequests=ENABLE
ProjectManager.FreePins=false
RCC.IPParameters=AHBFreq_Value,APB1CLKDivider,APB1Freq_Value,APB1TimFreq_Value,APB2Freq_Value,APB2TimFreq_Value,CECFreq_Value,CortexFreq_Value,FCLKCortexFreq_Value,FMPI2C1Freq_Value,FamilyName,HCLKFreq_Value,HSE_VALUE,I2S1Freq_Value,I2S2Freq_Value,MCO2PinFreq_Value,PLLCLKFreq_Value,PLLI2SPCLKFreq_Value,PLLI2SQCLKFreq_Value,PLLI2SRCLKFreq_Value,PLLI2SoutputFreq_Value,PLLM,PLLN,PLLQCLKFreq_Value,PLLRCLKFreq_Value,PLLSAIPCLKFreq_Value,PLLSAIQCLKFreq_Value,PLLSAIoutputFreq_Value,PLLSourceVirtual,PWRFreq_Value,SAIAFreq_Value,SAIBFreq_Value,SDIOFreq_Value,SPDIFRXFreq_Value,SYSCLKFreq_VALUE,SYSCLKSource,USBFreq_Value,VCOI2SInputFreq_Value,VCOI2SOutputFreq_Value,VCOInputFreq_Value,VCOOutputFreq_Value,VCOSAIInputFreq_Value,VCOSAIOutputFreq_Value
ProjectManager.AskForMigrate=true
Dma.RequestsNb=1
Mcu.Name=STM32F446R(C-E)Tx
RCC.PLLI2SQCLKFreq_Value=48000000
RCC.PLLI2SoutputFreq_Value=48000000
ProjectManager.HalAssertFull=false
PB0.Locked=true
ADC1.SamplingTime-0\#ChannelRegularConversion=ADC_SAMPLETIME_3CYCLES
ProjectManager.ProjectName=TUT_STEPPER_RAS
ProjectManager.UnderRoot=true
RCC.VCOSAIInputFreq_Value=500000
ProjectManager.CoupleFile=false
PH1-OSC_OUT.Mode=HSE-External-Clock-Source
RCC.MCO2PinFreq_Value=90000000
PA4.Signal=GPIO_Output
RCC.SYSCLKFreq_VALUE=90000000
Mcu.Package=LQFP64
ADC1.master=1
RCC.I2S2Freq_Value=48000000
NVIC.ForceEnableDMAVector=true
KeepUserPlacement=false
NVIC.MemoryManagement_IRQn=true\:0\:0\:false\:false\:true\:false\:false
ProjectManager.CompilerOptimize=6
ProjectManager.ToolChainLocation=
VP_SYS_VS_Systick.Signal=SYS_VS_Systick
Dma.ADC1.0.MemInc=DMA_MINC_ENABLE
ProjectManager.HeapSize=0x200
NVIC.HardFault_IRQn=true\:0\:0\:false\:false\:true\:false\:false
ProjectManager.ComputerToolchain=false
NVIC.PriorityGroup=NVIC_PRIORITYGROUP_4
ADC1.NbrOfConversionFlag=1
SH.ADCx_IN1.0=ADC1_IN1,IN1
RCC.PLLM=4
RCC.PLLN=90
RCC.CECFreq_Value=32786.88524590164
RCC.APB1TimFreq_Value=90000000
NVIC.BusFault_IRQn=true\:0\:0\:false\:false\:true\:false\:false
RCC.PWRFreq_Value=90000000
Dma.ADC1.0.FIFOMode=DMA_FIFOMODE_DISABLE
RCC.SAIBFreq_Value=48000000
Dma.Request0=ADC1
RCC.APB1Freq_Value=45000000
PB0.Signal=GPIO_Output
ProjectManager.CustomerFirmwarePackage=
PC0.Locked=true
ProjectManager.DeviceId=STM32F446RETx
PC1.Signal=GPIO_Output
ProjectManager.LibraryCopy=1
RCC.PLLSAIQCLKFreq_Value=48000000
isbadioc=false
